// !$*UTF8*$!
{
	archiveVersion = 1;
	classes = {
	};
	objectVersion = 52;
	objects = {

/* Begin PBXBuildFile section */
		404DA313259467A600DF6442 /* SwiftSyntax in Frameworks */ = {isa = PBXBuildFile; productRef = 404DA312259467A600DF6442 /* SwiftSyntax */; };
		404DA315259467A600DF6442 /* SwiftSyntaxBuilder in Frameworks */ = {isa = PBXBuildFile; productRef = 404DA314259467A600DF6442 /* SwiftSyntaxBuilder */; };
		404DA31825947AAB00DF6442 /* lib_InternalSwiftSyntaxParser.dylib in Frameworks */ = {isa = PBXBuildFile; fileRef = 404DA31725947AAB00DF6442 /* lib_InternalSwiftSyntaxParser.dylib */; };
		404DA31A25947ABD00DF6442 /* lib_InternalSwiftSyntaxParser.dylib in Embed Libraries */ = {isa = PBXBuildFile; fileRef = 404DA31725947AAB00DF6442 /* lib_InternalSwiftSyntaxParser.dylib */; settings = {ATTRIBUTES = (CodeSignOnCopy, ); }; };
		404DA31D25949E3E00DF6442 /* ModifierDeclSyntaxProtocol.swift in Sources */ = {isa = PBXBuildFile; fileRef = 404DA31C25949E3E00DF6442 /* ModifierDeclSyntaxProtocol.swift */; };
		404DA31F25949F5F00DF6442 /* RePublicRewriter.swift in Sources */ = {isa = PBXBuildFile; fileRef = 404DA31E25949F5F00DF6442 /* RePublicRewriter.swift */; };
		40AAAF33259341BB003A1489 /* main.swift in Sources */ = {isa = PBXBuildFile; fileRef = 40AAAF32259341BB003A1489 /* main.swift */; };
/* End PBXBuildFile section */

/* Begin PBXCopyFilesBuildPhase section */
		404DA31B25947ABD00DF6442 /* Embed Libraries */ = {
			isa = PBXCopyFilesBuildPhase;
			buildActionMask = 2147483647;
			dstPath = "";
			dstSubfolderSpec = 10;
			files = (
				404DA31A25947ABD00DF6442 /* lib_InternalSwiftSyntaxParser.dylib in Embed Libraries */,
			);
			name = "Embed Libraries";
			runOnlyForDeploymentPostprocessing = 0;
		};
		40AAAF2D259341BB003A1489 /* CopyFiles */ = {
			isa = PBXCopyFilesBuildPhase;
			buildActionMask = 12;
			dstPath = usr/share/man/man1;
			dstSubfolderSpec = 16;
			files = (
			);
			runOnlyForDeploymentPostprocessing = 0;
		};
/* End PBXCopyFilesBuildPhase section */

/* Begin PBXFileReference section */
		404DA31725947AAB00DF6442 /* lib_InternalSwiftSyntaxParser.dylib */ = {isa = PBXFileReference; lastKnownFileType = "compiled.mach-o.dylib"; path = lib_InternalSwiftSyntaxParser.dylib; sourceTree = "<group>"; };
		404DA31C25949E3E00DF6442 /* ModifierDeclSyntaxProtocol.swift */ = {isa = PBXFileReference; lastKnownFileType = sourcecode.swift; path = ModifierDeclSyntaxProtocol.swift; sourceTree = "<group>"; };
		404DA31E25949F5F00DF6442 /* RePublicRewriter.swift */ = {isa = PBXFileReference; lastKnownFileType = sourcecode.swift; path = RePublicRewriter.swift; sourceTree = "<group>"; };
		40AAAF2F259341BB003A1489 /* SwiftRePublic */ = {isa = PBXFileReference; explicitFileType = "compiled.mach-o.executable"; includeInIndex = 0; path = SwiftRePublic; sourceTree = BUILT_PRODUCTS_DIR; };
		40AAAF32259341BB003A1489 /* main.swift */ = {isa = PBXFileReference; lastKnownFileType = sourcecode.swift; path = main.swift; sourceTree = "<group>"; };
/* End PBXFileReference section */

/* Begin PBXFrameworksBuildPhase section */
		40AAAF2C259341BB003A1489 /* Frameworks */ = {
			isa = PBXFrameworksBuildPhase;
			buildActionMask = 2147483647;
			files = (
				404DA313259467A600DF6442 /* SwiftSyntax in Frameworks */,
				404DA315259467A600DF6442 /* SwiftSyntaxBuilder in Frameworks */,
				404DA31825947AAB00DF6442 /* lib_InternalSwiftSyntaxParser.dylib in Frameworks */,
			);
			runOnlyForDeploymentPostprocessing = 0;
		};
/* End PBXFrameworksBuildPhase section */

/* Begin PBXGroup section */
		40AAAF26259341BB003A1489 = {
			isa = PBXGroup;
			children = (
				40AAAF31259341BB003A1489 /* SwiftRePublic */,
				40AAAF30259341BB003A1489 /* Products */,
			);
			sourceTree = "<group>";
		};
		40AAAF30259341BB003A1489 /* Products */ = {
			isa = PBXGroup;
			children = (
				40AAAF2F259341BB003A1489 /* SwiftRePublic */,
			);
			name = Products;
			sourceTree = "<group>";
		};
		40AAAF31259341BB003A1489 /* SwiftRePublic */ = {
			isa = PBXGroup;
			children = (
				404DA31725947AAB00DF6442 /* lib_InternalSwiftSyntaxParser.dylib */,
				40AAAF32259341BB003A1489 /* main.swift */,
				404DA31C25949E3E00DF6442 /* ModifierDeclSyntaxProtocol.swift */,
				404DA31E25949F5F00DF6442 /* RePublicRewriter.swift */,
			);
			path = SwiftRePublic;
			sourceTree = "<group>";
		};
/* End PBXGroup section */

/* Begin PBXNativeTarget section */
		40AAAF2E259341BB003A1489 /* SwiftRePublic */ = {
			isa = PBXNativeTarget;
			buildConfigurationList = 40AAAF36259341BB003A1489 /* Build configuration list for PBXNativeTarget "SwiftRePublic" */;
			buildPhases = (
				40AAAF2D259341BB003A1489 /* CopyFiles */,
				404DA31B25947ABD00DF6442 /* Embed Libraries */,
				40AAAF2C259341BB003A1489 /* Frameworks */,
				40AAAF2B259341BB003A1489 /* Sources */,
			);
			buildRules = (
			);
			dependencies = (
			);
			name = SwiftRePublic;
			packageProductDependencies = (
				404DA312259467A600DF6442 /* SwiftSyntax */,
				404DA314259467A600DF6442 /* SwiftSyntaxBuilder */,
			);
			productName = SwiftRePublic;
			productReference = 40AAAF2F259341BB003A1489 /* SwiftRePublic */;
			productType = "com.apple.product-type.tool";
		};
/* End PBXNativeTarget section */

/* Begin PBXProject section */
		40AAAF27259341BB003A1489 /* Project object */ = {
			isa = PBXProject;
			attributes = {
				LastSwiftUpdateCheck = 1230;
				LastUpgradeCheck = 1230;
				TargetAttributes = {
					40AAAF2E259341BB003A1489 = {
						CreatedOnToolsVersion = 12.3;
					};
				};
			};
			buildConfigurationList = 40AAAF2A259341BB003A1489 /* Build configuration list for PBXProject "SwiftRePublic" */;
			compatibilityVersion = "Xcode 9.3";
			developmentRegion = en;
			hasScannedForEncodings = 0;
			knownRegions = (
				en,
				Base,
			);
			mainGroup = 40AAAF26259341BB003A1489;
			packageReferences = (
				404DA311259467A600DF6442 /* XCRemoteSwiftPackageReference "swift-syntax" */,
			);
			productRefGroup = 40AAAF30259341BB003A1489 /* Products */;
			projectDirPath = "";
			projectRoot = "";
			targets = (
				40AAAF2E259341BB003A1489 /* SwiftRePublic */,
			);
		};
/* End PBXProject section */

/* Begin PBXSourcesBuildPhase section */
		40AAAF2B259341BB003A1489 /* Sources */ = {
			isa = PBXSourcesBuildPhase;
			buildActionMask = 2147483647;
			files = (
				40AAAF33259341BB003A1489 /* main.swift in Sources */,
				404DA31F25949F5F00DF6442 /* RePublicRewriter.swift in Sources */,
				404DA31D25949E3E00DF6442 /* ModifierDeclSyntaxProtocol.swift in Sources */,
			);
			runOnlyForDeploymentPostprocessing = 0;
		};
/* End PBXSourcesBuildPhase section */

/* Begin XCBuildConfiguration section */
		40AAAF34259341BB003A1489 /* Debug */ = {
			isa = XCBuildConfiguration;
			buildSettings = {
				ALWAYS_SEARCH_USER_PATHS = NO;
				CLANG_ANALYZER_NONNULL = YES;
				CLANG_ANALYZER_NUMBER_OBJECT_CONVERSION = YES_AGGRESSIVE;
				CLANG_CXX_LANGUAGE_STANDARD = "gnu++14";
				CLANG_CXX_LIBRARY = "libc++";
				CLANG_ENABLE_MODULES = YES;
				CLANG_ENABLE_OBJC_ARC = YES;
				CLANG_ENABLE_OBJC_WEAK = YES;
				CLANG_WARN_BLOCK_CAPTURE_AUTORELEASING = YES;
				CLANG_WARN_BOOL_CONVERSION = YES;
				CLANG_WARN_COMMA = YES;
				CLANG_WARN_CONSTANT_CONVERSION = YES;
				CLANG_WARN_DEPRECATED_OBJC_IMPLEMENTATIONS = YES;
				CLANG_WARN_DIRECT_OBJC_ISA_USAGE = YES_ERROR;
				CLANG_WARN_DOCUMENTATION_COMMENTS = YES;
				CLANG_WARN_EMPTY_BODY = YES;
				CLANG_WARN_ENUM_CONVERSION = YES;
				CLANG_WARN_INFINITE_RECURSION = YES;
				CLANG_WARN_INT_CONVERSION = YES;
				CLANG_WARN_NON_LITERAL_NULL_CONVERSION = YES;
				CLANG_WARN_OBJC_IMPLICIT_RETAIN_SELF = YES;
				CLANG_WARN_OBJC_LITERAL_CONVERSION = YES;
				CLANG_WARN_OBJC_ROOT_CLASS = YES_ERROR;
				CLANG_WARN_QUOTED_INCLUDE_IN_FRAMEWORK_HEADER = YES;
				CLANG_WARN_RANGE_LOOP_ANALYSIS = YES;
				CLANG_WARN_STRICT_PROTOTYPES = YES;
				CLANG_WARN_SUSPICIOUS_MOVE = YES;
				CLANG_WARN_UNGUARDED_AVAILABILITY = YES_AGGRESSIVE;
				CLANG_WARN_UNREACHABLE_CODE = YES;
				CLANG_WARN__DUPLICATE_METHOD_MATCH = YES;
				COPY_PHASE_STRIP = NO;
				DEBUG_INFORMATION_FORMAT = dwarf;
				ENABLE_STRICT_OBJC_MSGSEND = YES;
				ENABLE_TESTABILITY = YES;
				GCC_C_LANGUAGE_STANDARD = gnu11;
				GCC_DYNAMIC_NO_PIC = NO;
				GCC_NO_COMMON_BLOCKS = YES;
				GCC_OPTIMIZATION_LEVEL = 0;
				GCC_PREPROCESSOR_DEFINITIONS = (
					"DEBUG=1",
					"$(inherited)",
				);
				GCC_WARN_64_TO_32_BIT_CONVERSION = YES;
				GCC_WARN_ABOUT_RETURN_TYPE = YES_ERROR;
				GCC_WARN_UNDECLARED_SELECTOR = YES;
				GCC_WARN_UNINITIALIZED_AUTOS = YES_AGGRESSIVE;
				GCC_WARN_UNUSED_FUNCTION = YES;
				GCC_WARN_UNUSED_VARIABLE = YES;
				LD_RUNPATH_SEARCH_PATHS = "";
				MACOSX_DEPLOYMENT_TARGET = 11.1;
				MTL_ENABLE_DEBUG_INFO = INCLUDE_SOURCE;
				MTL_FAST_MATH = YES;
				ONLY_ACTIVE_ARCH = YES;
				SDKROOT = macosx;
				SWIFT_ACTIVE_COMPILATION_CONDITIONS = DEBUG;
				SWIFT_OPTIMIZATION_LEVEL = "-Onone";
			};
			name = Debug;
		};
		40AAAF35259341BB003A1489 /* Release */ = {
			isa = XCBuildConfiguration;
			buildSettings = {
				ALWAYS_SEARCH_USER_PATHS = NO;
				CLANG_ANALYZER_NONNULL = YES;
				CLANG_ANALYZER_NUMBER_OBJECT_CONVERSION = YES_AGGRESSIVE;
				CLANG_CXX_LANGUAGE_STANDARD = "gnu++14";
				CLANG_CXX_LIBRARY = "libc++";
				CLANG_ENABLE_MODULES = YES;
				CLANG_ENABLE_OBJC_ARC = YES;
				CLANG_ENABLE_OBJC_WEAK = YES;
				CLANG_WARN_BLOCK_CAPTURE_AUTORELEASING = YES;
				CLANG_WARN_BOOL_CONVERSION = YES;
				CLANG_WARN_COMMA = YES;
				CLANG_WARN_CONSTANT_CONVERSION = YES;
				CLANG_WARN_DEPRECATED_OBJC_IMPLEMENTATIONS = YES;
				CLANG_WARN_DIRECT_OBJC_ISA_USAGE = YES_ERROR;
				CLANG_WARN_DOCUMENTATION_COMMENTS = YES;
				CLANG_WARN_EMPTY_BODY = YES;
				CLANG_WARN_ENUM_CONVERSION = YES;
				CLANG_WARN_INFINITE_RECURSION = YES;
				CLANG_WARN_INT_CONVERSION = YES;
				CLANG_WARN_NON_LITERAL_NULL_CONVERSION = YES;
				CLANG_WARN_OBJC_IMPLICIT_RETAIN_SELF = YES;
				CLANG_WARN_OBJC_LITERAL_CONVERSION = YES;
				CLANG_WARN_OBJC_ROOT_CLASS = YES_ERROR;
				CLANG_WARN_QUOTED_INCLUDE_IN_FRAMEWORK_HEADER = YES;
				CLANG_WARN_RANGE_LOOP_ANALYSIS = YES;
				CLANG_WARN_STRICT_PROTOTYPES = YES;
				CLANG_WARN_SUSPICIOUS_MOVE = YES;
				CLANG_WARN_UNGUARDED_AVAILABILITY = YES_AGGRESSIVE;
				CLANG_WARN_UNREACHABLE_CODE = YES;
				CLANG_WARN__DUPLICATE_METHOD_MATCH = YES;
				COPY_PHASE_STRIP = NO;
				DEBUG_INFORMATION_FORMAT = "dwarf-with-dsym";
				ENABLE_NS_ASSERTIONS = NO;
				ENABLE_STRICT_OBJC_MSGSEND = YES;
				GCC_C_LANGUAGE_STANDARD = gnu11;
				GCC_NO_COMMON_BLOCKS = YES;
				GCC_WARN_64_TO_32_BIT_CONVERSION = YES;
				GCC_WARN_ABOUT_RETURN_TYPE = YES_ERROR;
				GCC_WARN_UNDECLARED_SELECTOR = YES;
				GCC_WARN_UNINITIALIZED_AUTOS = YES_AGGRESSIVE;
				GCC_WARN_UNUSED_FUNCTION = YES;
				GCC_WARN_UNUSED_VARIABLE = YES;
				LD_RUNPATH_SEARCH_PATHS = "";
				MACOSX_DEPLOYMENT_TARGET = 11.1;
				MTL_ENABLE_DEBUG_INFO = NO;
				MTL_FAST_MATH = YES;
				SDKROOT = macosx;
				SWIFT_COMPILATION_MODE = wholemodule;
				SWIFT_OPTIMIZATION_LEVEL = "-O";
			};
			name = Release;
		};
		40AAAF37259341BB003A1489 /* Debug */ = {
			isa = XCBuildConfiguration;
			buildSettings = {
				CODE_SIGN_STYLE = Automatic;
				LIBRARY_SEARCH_PATHS = (
					"$(inherited)",
					"$(PROJECT_DIR)/SwiftRePublic",
				);
				MACOSX_DEPLOYMENT_TARGET = 11.1;
				PRODUCT_NAME = "$(TARGET_NAME)";
				SWIFT_VERSION = 5.0;
			};
			name = Debug;
		};
		40AAAF38259341BB003A1489 /* Release */ = {
			isa = XCBuildConfiguration;
			buildSettings = {
				CODE_SIGN_STYLE = Automatic;
				LIBRARY_SEARCH_PATHS = (
					"$(inherited)",
					"$(PROJECT_DIR)/SwiftRePublic",
				);
				MACOSX_DEPLOYMENT_TARGET = 11.1;
				PRODUCT_NAME = "$(TARGET_NAME)";
				SWIFT_VERSION = 5.0;
			};
			name = Release;
		};
/* End XCBuildConfiguration section */

/* Begin XCConfigurationList section */
		40AAAF2A259341BB003A1489 /* Build configuration list for PBXProject "SwiftRePublic" */ = {
			isa = XCConfigurationList;
			buildConfigurations = (
				40AAAF34259341BB003A1489 /* Debug */,
				40AAAF35259341BB003A1489 /* Release */,
			);
			defaultConfigurationIsVisible = 0;
			defaultConfigurationName = Release;
		};
		40AAAF36259341BB003A1489 /* Build configuration list for PBXNativeTarget "SwiftRePublic" */ = {
			isa = XCConfigurationList;
			buildConfigurations = (
				40AAAF37259341BB003A1489 /* Debug */,
				40AAAF38259341BB003A1489 /* Release */,
			);
			defaultConfigurationIsVisible = 0;
			defaultConfigurationName = Release;
		};
/* End XCConfigurationList section */

/* Begin XCRemoteSwiftPackageReference section */
		404DA311259467A600DF6442 /* XCRemoteSwiftPackageReference "swift-syntax" */ = {
			isa = XCRemoteSwiftPackageReference;
			repositoryURL = "https://github.com/apple/swift-syntax.git";
			requirement = {
				kind = upToNextMajorVersion;
				minimumVersion = 0.50300.0;
			};
		};
/* End XCRemoteSwiftPackageReference section */

/* Begin XCSwiftPackageProductDependency section */
		404DA312259467A600DF6442 /* SwiftSyntax */ = {
			isa = XCSwiftPackageProductDependency;
			package = 404DA311259467A600DF6442 /* XCRemoteSwiftPackageReference "swift-syntax" */;
			productName = SwiftSyntax;
		};
		404DA314259467A600DF6442 /* SwiftSyntaxBuilder */ = {
			isa = XCSwiftPackageProductDependency;
			package = 404DA311259467A600DF6442 /* XCRemoteSwiftPackageReference "swift-syntax" */;
			productName = SwiftSyntaxBuilder;
		};
/* End XCSwiftPackageProductDependency section */
	};
	rootObject = 40AAAF27259341BB003A1489 /* Project object */;
}
